
Microsoft Visual Studio Solution File, Format Version 12.00
# Visual Studio 14
VisualStudioVersion = 14.0.24720.0
MinimumVisualStudioVersion = 10.0.40219.1
Project("{FAE04EC0-301F-11D3-BF4B-00C04F79EFBC}") = "UI_post_lists_task1_byAleksieiev", "UI_post_lists_task1_byAleksieiev\UI_post_lists_task1_byAleksieiev.csproj", "{706B0492-8FF1-405C-B178-FE3E513E2F88}"
EndProject
Project("{FAE04EC0-301F-11D3-BF4B-00C04F79EFBC}") = "WebApplication2", "WebApplication2\WebApplication2.csproj", "{DF480DA3-4F53-44F2-8C64-70843F855E03}"
EndProject
Global
	GlobalSection(SolutionConfigurationPlatforms) = preSolution
		Debug|Any CPU = Debug|Any CPU
		Release|Any CPU = Release|Any CPU
	EndGlobalSection
	GlobalSection(ProjectConfigurationPlatforms) = postSolution
		{706B0492-8FF1-405C-B178-FE3E513E2F88}.Debug|Any CPU.ActiveCfg = Debug|Any CPU
		{706B0492-8FF1-405C-B178-FE3E513E2F88}.Debug|Any CPU.Build.0 = Debug|Any CPU
		{706B0492-8FF1-405C-B178-FE3E513E2F88}.Release|Any CPU.ActiveCfg = Release|Any CPU
		{706B0492-8FF1-405C-B178-FE3E513E2F88}.Release|Any CPU.Build.0 = Release|Any CPU
		{DF480DA3-4F53-44F2-8C64-70843F855E03}.Debug|Any CPU.ActiveCfg = Debug|Any CPU
		{DF480DA3-4F53-44F2-8C64-70843F855E03}.Debug|Any CPU.Build.0 = Debug|Any CPU
		{DF480DA3-4F53-44F2-8C64-70843F855E03}.Release|Any CPU.ActiveCfg = Release|Any CPU
		{DF480DA3-4F53-44F2-8C64-70843F855E03}.Release|Any CPU.Build.0 = Release|Any CPU
	EndGlobalSection
	GlobalSection(SolutionProperties) = preSolution
		HideSolutionNode = FALSE
	EndGlobalSection
EndGlobal
